
Microsoft Visual Studio Solution File, Format Version 12.00
# Visual Studio 15
VisualStudioVersion = 15.0.27428.2043
MinimumVisualStudioVersion = 10.0.40219.1
Project("{FAE04EC0-301F-11D3-BF4B-00C04F79EFBC}") = "NailSalonPOS", "NailSalonPOS\NailSalonPOS.csproj", "{571D4F13-685D-45A7-96E0-A49AEAE29D14}"
EndProject
Global
	GlobalSection(SolutionConfigurationPlatforms) = preSolution
		Debug|Any CPU = Debug|Any CPU
		Release|Any CPU = Release|Any CPU
	EndGlobalSection
	GlobalSection(ProjectConfigurationPlatforms) = postSolution
		{571D4F13-685D-45A7-96E0-A49AEAE29D14}.Debug|Any CPU.ActiveCfg = Debug|Any CPU
		{571D4F13-685D-45A7-96E0-A49AEAE29D14}.Debug|Any CPU.Build.0 = Debug|Any CPU
		{571D4F13-685D-45A7-96E0-A49AEAE29D14}.Release|Any CPU.ActiveCfg = Release|Any CPU
		{571D4F13-685D-45A7-96E0-A49AEAE29D14}.Release|Any CPU.Build.0 = Release|Any CPU
	EndGlobalSection
	GlobalSection(SolutionProperties) = preSolution
		HideSolutionNode = FALSE
	EndGlobalSection
	GlobalSection(ExtensibilityGlobals) = postSolution
		SolutionGuid = {2DA8A6FF-7E70-4176-9C68-35B3DF3DDB69}
	EndGlobalSection
EndGlobal
